
Microsoft Visual Studio Solution File, Format Version 12.00
# Visual Studio 14
VisualStudioVersion = 14.0.25420.1
MinimumVisualStudioVersion = 10.0.40219.1
Project("{2150E333-8FDC-42A3-9474-1A3956D46DE8}") = "src", "src", "{7E784359-2DB8-47D2-BB11-D4970E1FF7F6}"
EndProject
Project("{2150E333-8FDC-42A3-9474-1A3956D46DE8}") = "Solution Items", "Solution Items", "{DEAEFEF1-55CD-4DD3-8AB0-FA5AECEDE49E}"
	ProjectSection(SolutionItems) = preProject
		global.json = global.json
	EndProjectSection
EndProject
Project("{8BB2217D-0F2D-49D1-97BC-3654ED321F3B}") = "WebApplication1", "src\WebApplication1\WebApplication1.xproj", "{70108AFB-D99C-4EF4-AC98-3CEAD84EEF57}"
EndProject
Global
	GlobalSection(SolutionConfigurationPlatforms) = preSolution
		Debug|Any CPU = Debug|Any CPU
		Release|Any CPU = Release|Any CPU
	EndGlobalSection
	GlobalSection(ProjectConfigurationPlatforms) = postSolution
		{70108AFB-D99C-4EF4-AC98-3CEAD84EEF57}.Debug|Any CPU.ActiveCfg = Debug|Any CPU
		{70108AFB-D99C-4EF4-AC98-3CEAD84EEF57}.Debug|Any CPU.Build.0 = Debug|Any CPU
		{70108AFB-D99C-4EF4-AC98-3CEAD84EEF57}.Release|Any CPU.ActiveCfg = Release|Any CPU
		{70108AFB-D99C-4EF4-AC98-3CEAD84EEF57}.Release|Any CPU.Build.0 = Release|Any CPU
	EndGlobalSection
	GlobalSection(SolutionProperties) = preSolution
		HideSolutionNode = FALSE
	EndGlobalSection
	GlobalSection(NestedProjects) = preSolution
		{70108AFB-D99C-4EF4-AC98-3CEAD84EEF57} = {7E784359-2DB8-47D2-BB11-D4970E1FF7F6}
	EndGlobalSection
EndGlobal
